// !$*UTF8*$!
{
	archiveVersion = 1;
	classes = {
	};
	objectVersion = 46;
	objects = {

/* Begin PBXBuildFile section */
		5022CF5F21660D5C00E0F6F5 /* AppDelegate.m in Sources */ = {isa = PBXBuildFile; fileRef = 5022CF5E21660D5C00E0F6F5 /* AppDelegate.m */; };
		5022CF6221660D5C00E0F6F5 /* main.m in Sources */ = {isa = PBXBuildFile; fileRef = 5022CF6121660D5C00E0F6F5 /* main.m */; };
		5022CF6521660D5C00E0F6F5 /* ViewController.m in Sources */ = {isa = PBXBuildFile; fileRef = 5022CF6421660D5C00E0F6F5 /* ViewController.m */; };
		5022CF6721660D5C00E0F6F5 /* Assets.xcassets in Resources */ = {isa = PBXBuildFile; fileRef = 5022CF6621660D5C00E0F6F5 /* Assets.xcassets */; };
		5022CF6A21660D5C00E0F6F5 /* Main.storyboard in Resources */ = {isa = PBXBuildFile; fileRef = 5022CF6821660D5C00E0F6F5 /* Main.storyboard */; };
		5022CF7521660D5C00E0F6F5 /* LCRTests.m in Sources */ = {isa = PBXBuildFile; fileRef = 5022CF7421660D5C00E0F6F5 /* LCRTests.m */; };
		5022CF8021660D5C00E0F6F5 /* LCRUITests.m in Sources */ = {isa = PBXBuildFile; fileRef = 5022CF7F21660D5C00E0F6F5 /* LCRUITests.m */; };
/* End PBXBuildFile section */

/* Begin PBXContainerItemProxy section */
		5022CF7121660D5C00E0F6F5 /* PBXContainerItemProxy */ = {
			isa = PBXContainerItemProxy;
			containerPortal = 5022CF5221660D5C00E0F6F5 /* Project object */;
			proxyType = 1;
			remoteGlobalIDString = 5022CF5921660D5C00E0F6F5;
			remoteInfo = LCR;
		};
		5022CF7C21660D5C00E0F6F5 /* PBXContainerItemProxy */ = {
			isa = PBXContainerItemProxy;
			containerPortal = 5022CF5221660D5C00E0F6F5 /* Project object */;
			proxyType = 1;
			remoteGlobalIDString = 5022CF5921660D5C00E0F6F5;
			remoteInfo = LCR;
		};
/* End PBXContainerItemProxy section */

/* Begin PBXFileReference section */
		5022CF5A21660D5C00E0F6F5 /* LCR.app */ = {isa = PBXFileReference; explicitFileType = wrapper.application; includeInIndex = 0; path = LCR.app; sourceTree = BUILT_PRODUCTS_DIR; };
		5022CF5D21660D5C00E0F6F5 /* AppDelegate.h */ = {isa = PBXFileReference; lastKnownFileType = sourcecode.c.h; path = AppDelegate.h; sourceTree = "<group>"; };
		5022CF5E21660D5C00E0F6F5 /* AppDelegate.m */ = {isa = PBXFileReference; lastKnownFileType = sourcecode.c.objc; path = AppDelegate.m; sourceTree = "<group>"; };
		5022CF6121660D5C00E0F6F5 /* main.m */ = {isa = PBXFileReference; lastKnownFileType = sourcecode.c.objc; path = main.m; sourceTree = "<group>"; };
		5022CF6321660D5C00E0F6F5 /* ViewController.h */ = {isa = PBXFileReference; lastKnownFileType = sourcecode.c.h; path = ViewController.h; sourceTree = "<group>"; };
		5022CF6421660D5C00E0F6F5 /* ViewController.m */ = {isa = PBXFileReference; lastKnownFileType = sourcecode.c.objc; path = ViewController.m; sourceTree = "<group>"; };
		5022CF6621660D5C00E0F6F5 /* Assets.xcassets */ = {isa = PBXFileReference; lastKnownFileType = folder.assetcatalog; path = Assets.xcassets; sourceTree = "<group>"; };
		5022CF6921660D5C00E0F6F5 /* Base */ = {isa = PBXFileReference; lastKnownFileType = file.storyboard; name = Base; path = Base.lproj/Main.storyboard; sourceTree = "<group>"; };
		5022CF6B21660D5C00E0F6F5 /* Info.plist */ = {isa = PBXFileReference; lastKnownFileType = text.plist.xml; path = Info.plist; sourceTree = "<group>"; };
		5022CF7021660D5C00E0F6F5 /* LCRTests.xctest */ = {isa = PBXFileReference; explicitFileType = wrapper.cfbundle; includeInIndex = 0; path = LCRTests.xctest; sourceTree = BUILT_PRODUCTS_DIR; };
		5022CF7421660D5C00E0F6F5 /* LCRTests.m */ = {isa = PBXFileReference; lastKnownFileType = sourcecode.c.objc; path = LCRTests.m; sourceTree = "<group>"; };
		5022CF7621660D5C00E0F6F5 /* Info.plist */ = {isa = PBXFileReference; lastKnownFileType = text.plist.xml; path = Info.plist; sourceTree = "<group>"; };
		5022CF7B21660D5C00E0F6F5 /* LCRUITests.xctest */ = {isa = PBXFileReference; explicitFileType = wrapper.cfbundle; includeInIndex = 0; path = LCRUITests.xctest; sourceTree = BUILT_PRODUCTS_DIR; };
		5022CF7F21660D5C00E0F6F5 /* LCRUITests.m */ = {isa = PBXFileReference; lastKnownFileType = sourcecode.c.objc; path = LCRUITests.m; sourceTree = "<group>"; };
		5022CF8121660D5C00E0F6F5 /* Info.plist */ = {isa = PBXFileReference; lastKnownFileType = text.plist.xml; path = Info.plist; sourceTree = "<group>"; };
/* End PBXFileReference section */

/* Begin PBXFrameworksBuildPhase section */
		5022CF5721660D5C00E0F6F5 /* Frameworks */ = {
			isa = PBXFrameworksBuildPhase;
			buildActionMask = 2147483647;
			files = (
			);
			runOnlyForDeploymentPostprocessing = 0;
		};
		5022CF6D21660D5C00E0F6F5 /* Frameworks */ = {
			isa = PBXFrameworksBuildPhase;
			buildActionMask = 2147483647;
			files = (
			);
			runOnlyForDeploymentPostprocessing = 0;
		};
		5022CF7821660D5C00E0F6F5 /* Frameworks */ = {
			isa = PBXFrameworksBuildPhase;
			buildActionMask = 2147483647;
			files = (
			);
			runOnlyForDeploymentPostprocessing = 0;
		};
/* End PBXFrameworksBuildPhase section */

/* Begin PBXGroup section */
		5022CF5121660D5C00E0F6F5 = {
			isa = PBXGroup;
			children = (
				5022CF5C21660D5C00E0F6F5 /* LCR */,
				5022CF7321660D5C00E0F6F5 /* LCRTests */,
				5022CF7E21660D5C00E0F6F5 /* LCRUITests */,
				5022CF5B21660D5C00E0F6F5 /* Products */,
			);
			sourceTree = "<group>";
		};
		5022CF5B21660D5C00E0F6F5 /* Products */ = {
			isa = PBXGroup;
			children = (
				5022CF5A21660D5C00E0F6F5 /* LCR.app */,
				5022CF7021660D5C00E0F6F5 /* LCRTests.xctest */,
				5022CF7B21660D5C00E0F6F5 /* LCRUITests.xctest */,
			);
			name = Products;
			sourceTree = "<group>";
		};
		5022CF5C21660D5C00E0F6F5 /* LCR */ = {
			isa = PBXGroup;
			children = (
				5022CF5D21660D5C00E0F6F5 /* AppDelegate.h */,
				5022CF5E21660D5C00E0F6F5 /* AppDelegate.m */,
				5022CF6321660D5C00E0F6F5 /* ViewController.h */,
				5022CF6421660D5C00E0F6F5 /* ViewController.m */,
				5022CF6621660D5C00E0F6F5 /* Assets.xcassets */,
				5022CF6821660D5C00E0F6F5 /* Main.storyboard */,
				5022CF6B21660D5C00E0F6F5 /* Info.plist */,
				5022CF6021660D5C00E0F6F5 /* Supporting Files */,
			);
			path = LCR;
			sourceTree = "<group>";
		};
		5022CF6021660D5C00E0F6F5 /* Supporting Files */ = {
			isa = PBXGroup;
			children = (
				5022CF6121660D5C00E0F6F5 /* main.m */,
			);
			name = "Supporting Files";
			sourceTree = "<group>";
		};
		5022CF7321660D5C00E0F6F5 /* LCRTests */ = {
			isa = PBXGroup;
			children = (
				5022CF7421660D5C00E0F6F5 /* LCRTests.m */,
				5022CF7621660D5C00E0F6F5 /* Info.plist */,
			);
			path = LCRTests;
			sourceTree = "<group>";
		};
		5022CF7E21660D5C00E0F6F5 /* LCRUITests */ = {
			isa = PBXGroup;
			children = (
				5022CF7F21660D5C00E0F6F5 /* LCRUITests.m */,
				5022CF8121660D5C00E0F6F5 /* Info.plist */,
			);
			path = LCRUITests;
			sourceTree = "<group>";
		};
/* End PBXGroup section */

/* Begin PBXNativeTarget section */
		5022CF5921660D5C00E0F6F5 /* LCR */ = {
			isa = PBXNativeTarget;
			buildConfigurationList = 5022CF8421660D5C00E0F6F5 /* Build configuration list for PBXNativeTarget "LCR" */;
			buildPhases = (
				5022CF5621660D5C00E0F6F5 /* Sources */,
				5022CF5721660D5C00E0F6F5 /* Frameworks */,
				5022CF5821660D5C00E0F6F5 /* Resources */,
			);
			buildRules = (
			);
			dependencies = (
			);
			name = LCR;
			productName = LCR;
			productReference = 5022CF5A21660D5C00E0F6F5 /* LCR.app */;
			productType = "com.apple.product-type.application";
		};
		5022CF6F21660D5C00E0F6F5 /* LCRTests */ = {
			isa = PBXNativeTarget;
			buildConfigurationList = 5022CF8721660D5C00E0F6F5 /* Build configuration list for PBXNativeTarget "LCRTests" */;
			buildPhases = (
				5022CF6C21660D5C00E0F6F5 /* Sources */,
				5022CF6D21660D5C00E0F6F5 /* Frameworks */,
				5022CF6E21660D5C00E0F6F5 /* Resources */,
			);
			buildRules = (
			);
			dependencies = (
				5022CF7221660D5C00E0F6F5 /* PBXTargetDependency */,
			);
			name = LCRTests;
			productName = LCRTests;
			productReference = 5022CF7021660D5C00E0F6F5 /* LCRTests.xctest */;
			productType = "com.apple.product-type.bundle.unit-test";
		};
		5022CF7A21660D5C00E0F6F5 /* LCRUITests */ = {
			isa = PBXNativeTarget;
			buildConfigurationList = 5022CF8A21660D5C00E0F6F5 /* Build configuration list for PBXNativeTarget "LCRUITests" */;
			buildPhases = (
				5022CF7721660D5C00E0F6F5 /* Sources */,
				5022CF7821660D5C00E0F6F5 /* Frameworks */,
				5022CF7921660D5C00E0F6F5 /* Resources */,
			);
			buildRules = (
			);
			dependencies = (
				5022CF7D21660D5C00E0F6F5 /* PBXTargetDependency */,
			);
			name = LCRUITests;
			productName = LCRUITests;
			productReference = 5022CF7B21660D5C00E0F6F5 /* LCRUITests.xctest */;
			productType = "com.apple.product-type.bundle.ui-testing";
		};
/* End PBXNativeTarget section */

/* Begin PBXProject section */
		5022CF5221660D5C00E0F6F5 /* Project object */ = {
			isa = PBXProject;
			attributes = {
				LastUpgradeCheck = 0830;
				ORGANIZATIONNAME = piaoxu;
				TargetAttributes = {
					5022CF5921660D5C00E0F6F5 = {
						CreatedOnToolsVersion = 8.3;
						ProvisioningStyle = Automatic;
					};
					5022CF6F21660D5C00E0F6F5 = {
						CreatedOnToolsVersion = 8.3;
						ProvisioningStyle = Automatic;
						TestTargetID = 5022CF5921660D5C00E0F6F5;
					};
					5022CF7A21660D5C00E0F6F5 = {
						CreatedOnToolsVersion = 8.3;
						ProvisioningStyle = Automatic;
						TestTargetID = 5022CF5921660D5C00E0F6F5;
					};
				};
			};
			buildConfigurationList = 5022CF5521660D5C00E0F6F5 /* Build configuration list for PBXProject "LCR" */;
			compatibilityVersion = "Xcode 3.2";
			developmentRegion = English;
			hasScannedForEncodings = 0;
			knownRegions = (
				en,
				Base,
			);
			mainGroup = 5022CF5121660D5C00E0F6F5;
			productRefGroup = 5022CF5B21660D5C00E0F6F5 /* Products */;
			projectDirPath = "";
			projectRoot = "";
			targets = (
				5022CF5921660D5C00E0F6F5 /* LCR */,
				5022CF6F21660D5C00E0F6F5 /* LCRTests */,
				5022CF7A21660D5C00E0F6F5 /* LCRUITests */,
			);
		};
/* End PBXProject section */

/* Begin PBXResourcesBuildPhase section */
		5022CF5821660D5C00E0F6F5 /* Resources */ = {
			isa = PBXResourcesBuildPhase;
			buildActionMask = 2147483647;
			files = (
				5022CF6721660D5C00E0F6F5 /* Assets.xcassets in Resources */,
				5022CF6A21660D5C00E0F6F5 /* Main.storyboard in Resources */,
			);
			runOnlyForDeploymentPostprocessing = 0;
		};
		5022CF6E21660D5C00E0F6F5 /* Resources */ = {
			isa = PBXResourcesBuildPhase;
			buildActionMask = 2147483647;
			files = (
			);
			runOnlyForDeploymentPostprocessing = 0;
		};
		5022CF7921660D5C00E0F6F5 /* Resources */ = {
			isa = PBXResourcesBuildPhase;
			buildActionMask = 2147483647;
			files = (
			);
			runOnlyForDeploymentPostprocessing = 0;
		};
/* End PBXResourcesBuildPhase section */

/* Begin PBXSourcesBuildPhase section */
		5022CF5621660D5C00E0F6F5 /* Sources */ = {
			isa = PBXSourcesBuildPhase;
			buildActionMask = 2147483647;
			files = (
				5022CF6521660D5C00E0F6F5 /* ViewController.m in Sources */,
				5022CF6221660D5C00E0F6F5 /* main.m in Sources */,
				5022CF5F21660D5C00E0F6F5 /* AppDelegate.m in Sources */,
			);
			runOnlyForDeploymentPostprocessing = 0;
		};
		5022CF6C21660D5C00E0F6F5 /* Sources */ = {
			isa = PBXSourcesBuildPhase;
			buildActionMask = 2147483647;
			files = (
				5022CF7521660D5C00E0F6F5 /* LCRTests.m in Sources */,
			);
			runOnlyForDeploymentPostprocessing = 0;
		};
		5022CF7721660D5C00E0F6F5 /* Sources */ = {
			isa = PBXSourcesBuildPhase;
			buildActionMask = 2147483647;
			files = (
				5022CF8021660D5C00E0F6F5 /* LCRUITests.m in Sources */,
			);
			runOnlyForDeploymentPostprocessing = 0;
		};
/* End PBXSourcesBuildPhase section */

/* Begin PBXTargetDependency section */
		5022CF7221660D5C00E0F6F5 /* PBXTargetDependency */ = {
			isa = PBXTargetDependency;
			target = 5022CF5921660D5C00E0F6F5 /* LCR */;
			targetProxy = 5022CF7121660D5C00E0F6F5 /* PBXContainerItemProxy */;
		};
		5022CF7D21660D5C00E0F6F5 /* PBXTargetDependency */ = {
			isa = PBXTargetDependency;
			target = 5022CF5921660D5C00E0F6F5 /* LCR */;
			targetProxy = 5022CF7C21660D5C00E0F6F5 /* PBXContainerItemProxy */;
		};
/* End PBXTargetDependency section */

/* Begin PBXVariantGroup section */
		5022CF6821660D5C00E0F6F5 /* Main.storyboard */ = {
			isa = PBXVariantGroup;
			children = (
				5022CF6921660D5C00E0F6F5 /* Base */,
			);
			name = Main.storyboard;
			sourceTree = "<group>";
		};
/* End PBXVariantGroup section */

/* Begin XCBuildConfiguration section */
		5022CF8221660D5C00E0F6F5 /* Debug */ = {
			isa = XCBuildConfiguration;
			buildSettings = {
				ALWAYS_SEARCH_USER_PATHS = NO;
				CLANG_ANALYZER_NONNULL = YES;
				CLANG_ANALYZER_NUMBER_OBJECT_CONVERSION = YES_AGGRESSIVE;
				CLANG_CXX_LANGUAGE_STANDARD = "gnu++0x";
				CLANG_CXX_LIBRARY = "libc++";
				CLANG_ENABLE_MODULES = YES;
				CLANG_ENABLE_OBJC_ARC = YES;
				CLANG_WARN_BOOL_CONVERSION = YES;
				CLANG_WARN_CONSTANT_CONVERSION = YES;
				CLANG_WARN_DIRECT_OBJC_ISA_USAGE = YES_ERROR;
				CLANG_WARN_DOCUMENTATION_COMMENTS = YES;
				CLANG_WARN_EMPTY_BODY = YES;
				CLANG_WARN_ENUM_CONVERSION = YES;
				CLANG_WARN_INFINITE_RECURSION = YES;
				CLANG_WARN_INT_CONVERSION = YES;
				CLANG_WARN_OBJC_ROOT_CLASS = YES_ERROR;
				CLANG_WARN_SUSPICIOUS_MOVE = YES;
				CLANG_WARN_UNREACHABLE_CODE = YES;
				CLANG_WARN__DUPLICATE_METHOD_MATCH = YES;
				CODE_SIGN_IDENTITY = "-";
				COPY_PHASE_STRIP = NO;
				DEBUG_INFORMATION_FORMAT = dwarf;
				ENABLE_STRICT_OBJC_MSGSEND = YES;
				ENABLE_TESTABILITY = YES;
				GCC_C_LANGUAGE_STANDARD = gnu99;
				GCC_DYNAMIC_NO_PIC = NO;
				GCC_NO_COMMON_BLOCKS = YES;
				GCC_OPTIMIZATION_LEVEL = 0;
				GCC_PREPROCESSOR_DEFINITIONS = (
					"DEBUG=1",
					"$(inherited)",
				);
				GCC_WARN_64_TO_32_BIT_CONVERSION = YES;
				GCC_WARN_ABOUT_RETURN_TYPE = YES_ERROR;
				GCC_WARN_UNDECLARED_SELECTOR = YES;
				GCC_WARN_UNINITIALIZED_AUTOS = YES_AGGRESSIVE;
				GCC_WARN_UNUSED_FUNCTION = YES;
				GCC_WARN_UNUSED_VARIABLE = YES;
				MACOSX_DEPLOYMENT_TARGET = 10.12;
				MTL_ENABLE_DEBUG_INFO = YES;
				ONLY_ACTIVE_ARCH = YES;
				SDKROOT = macosx;
			};
			name = Debug;
		};
		5022CF8321660D5C00E0F6F5 /* Release */ = {
			isa = XCBuildConfiguration;
			buildSettings = {
				ALWAYS_SEARCH_USER_PATHS = NO;
				CLANG_ANALYZER_NONNULL = YES;
				CLANG_ANALYZER_NUMBER_OBJECT_CONVERSION = YES_AGGRESSIVE;
				CLANG_CXX_LANGUAGE_STANDARD = "gnu++0x";
				CLANG_CXX_LIBRARY = "libc++";
				CLANG_ENABLE_MODULES = YES;
				CLANG_ENABLE_OBJC_ARC = YES;
				CLANG_WARN_BOOL_CONVERSION = YES;
				CLANG_WARN_CONSTANT_CONVERSION = YES;
				CLANG_WARN_DIRECT_OBJC_ISA_USAGE = YES_ERROR;
				CLANG_WARN_DOCUMENTATION_COMMENTS = YES;
				CLANG_WARN_EMPTY_BODY = YES;
				CLANG_WARN_ENUM_CONVERSION = YES;
				CLANG_WARN_INFINITE_RECURSION = YES;
				CLANG_WARN_INT_CONVERSION = YES;
				CLANG_WARN_OBJC_ROOT_CLASS = YES_ERROR;
				CLANG_WARN_SUSPICIOUS_MOVE = YES;
				CLANG_WARN_UNREACHABLE_CODE = YES;
				CLANG_WARN__DUPLICATE_METHOD_MATCH = YES;
				CODE_SIGN_IDENTITY = "-";
				COPY_PHASE_STRIP = NO;
				DEBUG_INFORMATION_FORMAT = "dwarf-with-dsym";
				ENABLE_NS_ASSERTIONS = NO;
				ENABLE_STRICT_OBJC_MSGSEND = YES;
				GCC_C_LANGUAGE_STANDARD = gnu99;
				GCC_NO_COMMON_BLOCKS = YES;
				GCC_WARN_64_TO_32_BIT_CONVERSION = YES;
				GCC_WARN_ABOUT_RETURN_TYPE = YES_ERROR;
				GCC_WARN_UNDECLARED_SELECTOR = YES;
				GCC_WARN_UNINITIALIZED_AUTOS = YES_AGGRESSIVE;
				GCC_WARN_UNUSED_FUNCTION = YES;
				GCC_WARN_UNUSED_VARIABLE = YES;
				MACOSX_DEPLOYMENT_TARGET = 10.12;
				MTL_ENABLE_DEBUG_INFO = NO;
				SDKROOT = macosx;
			};
			name = Release;
		};
		5022CF8521660D5C00E0F6F5 /* Debug */ = {
			isa = XCBuildConfiguration;
			buildSettings = {
				ASSETCATALOG_COMPILER_APPICON_NAME = AppIcon;
				COMBINE_HIDPI_IMAGES = YES;
				INFOPLIST_FILE = LCR/Info.plist;
				LD_RUNPATH_SEARCH_PATHS = "$(inherited) @executable_path/../Frameworks";
				PRODUCT_BUNDLE_IDENTIFIER = piaoxu.LCR;
				PRODUCT_NAME = "$(TARGET_NAME)";
			};
			name = Debug;
		};
		5022CF8621660D5C00E0F6F5 /* Release */ = {
			isa = XCBuildConfiguration;
			buildSettings = {
				ASSETCATALOG_COMPILER_APPICON_NAME = AppIcon;
				COMBINE_HIDPI_IMAGES = YES;
				INFOPLIST_FILE = LCR/Info.plist;
				LD_RUNPATH_SEARCH_PATHS = "$(inherited) @executable_path/../Frameworks";
				PRODUCT_BUNDLE_IDENTIFIER = piaoxu.LCR;
				PRODUCT_NAME = "$(TARGET_NAME)";
			};
			name = Release;
		};
		5022CF8821660D5C00E0F6F5 /* Debug */ = {
			isa = XCBuildConfiguration;
			buildSettings = {
				BUNDLE_LOADER = "$(TEST_HOST)";
				COMBINE_HIDPI_IMAGES = YES;
				INFOPLIST_FILE = LCRTests/Info.plist;
				LD_RUNPATH_SEARCH_PATHS = "$(inherited) @executable_path/../Frameworks @loader_path/../Frameworks";
				PRODUCT_BUNDLE_IDENTIFIER = piaoxu.LCRTests;
				PRODUCT_NAME = "$(TARGET_NAME)";
				TEST_HOST = "$(BUILT_PRODUCTS_DIR)/LCR.app/Contents/MacOS/LCR";
			};
			name = Debug;
		};
		5022CF8921660D5C00E0F6F5 /* Release */ = {
			isa = XCBuildConfiguration;
			buildSettings = {
				BUNDLE_LOADER = "$(TEST_HOST)";
				COMBINE_HIDPI_IMAGES = YES;
				INFOPLIST_FILE = LCRTests/Info.plist;
				LD_RUNPATH_SEARCH_PATHS = "$(inherited) @executable_path/../Frameworks @loader_path/../Frameworks";
				PRODUCT_BUNDLE_IDENTIFIER = piaoxu.LCRTests;
				PRODUCT_NAME = "$(TARGET_NAME)";
				TEST_HOST = "$(BUILT_PRODUCTS_DIR)/LCR.app/Contents/MacOS/LCR";
			};
			name = Release;
		};
		5022CF8B21660D5C00E0F6F5 /* Debug */ = {
			isa = XCBuildConfiguration;
			buildSettings = {
				COMBINE_HIDPI_IMAGES = YES;
				INFOPLIST_FILE = LCRUITests/Info.plist;
				LD_RUNPATH_SEARCH_PATHS = "$(inherited) @executable_path/../Frameworks @loader_path/../Frameworks";
				PRODUCT_BUNDLE_IDENTIFIER = piaoxu.LCRUITests;
				PRODUCT_NAME = "$(TARGET_NAME)";
				TEST_TARGET_NAME = LCR;
			};
			name = Debug;
		};
		5022CF8C21660D5C00E0F6F5 /* Release */ = {
			isa = XCBuildConfiguration;
			buildSettings = {
				COMBINE_HIDPI_IMAGES = YES;
				INFOPLIST_FILE = LCRUITests/Info.plist;
				LD_RUNPATH_SEARCH_PATHS = "$(inherited) @executable_path/../Frameworks @loader_path/../Frameworks";
				PRODUCT_BUNDLE_IDENTIFIER = piaoxu.LCRUITests;
				PRODUCT_NAME = "$(TARGET_NAME)";
				TEST_TARGET_NAME = LCR;
			};
			name = Release;
		};
/* End XCBuildConfiguration section */

/* Begin XCConfigurationList section */
		5022CF5521660D5C00E0F6F5 /* Build configuration list for PBXProject "LCR" */ = {
			isa = XCConfigurationList;
			buildConfigurations = (
				5022CF8221660D5C00E0F6F5 /* Debug */,
				5022CF8321660D5C00E0F6F5 /* Release */,
			);
			defaultConfigurationIsVisible = 0;
			defaultConfigurationName = Release;
		};
		5022CF8421660D5C00E0F6F5 /* Build configuration list for PBXNativeTarget "LCR" */ = {
			isa = XCConfigurationList;
			buildConfigurations = (
				5022CF8521660D5C00E0F6F5 /* Debug */,
				5022CF8621660D5C00E0F6F5 /* Release */,
			);
			defaultConfigurationIsVisible = 0;
		};
		5022CF8721660D5C00E0F6F5 /* Build configuration list for PBXNativeTarget "LCRTests" */ = {
			isa = XCConfigurationList;
			buildConfigurations = (
				5022CF8821660D5C00E0F6F5 /* Debug */,
				5022CF8921660D5C00E0F6F5 /* Release */,
			);
			defaultConfigurationIsVisible = 0;
		};
		5022CF8A21660D5C00E0F6F5 /* Build configuration list for PBXNativeTarget "LCRUITests" */ = {
			isa = XCConfigurationList;
			buildConfigurations = (
				5022CF8B21660D5C00E0F6F5 /* Debug */,
				5022CF8C21660D5C00E0F6F5 /* Release */,
			);
			defaultConfigurationIsVisible = 0;
		};
/* End XCConfigurationList section */
	};
	rootObject = 5022CF5221660D5C00E0F6F5 /* Project object */;
}
